// !$*UTF8*$!
{
	archiveVersion = 1;
	classes = {
	};
	objectVersion = 56;
	objects = {

/* Begin PBXBuildFile section */
		2344D2D22989501B000A088A /* Kingfisher in Frameworks */ = {isa = PBXBuildFile; productRef = 2344D2D12989501B000A088A /* Kingfisher */; };
		234628FF2990229B00FA524F /* MainMessagesView.swift in Sources */ = {isa = PBXBuildFile; fileRef = 234628FE2990229B00FA524F /* MainMessagesView.swift */; };
		234FEDBF2987190A00A32466 /* GoogleService-Info.plist in Resources */ = {isa = PBXBuildFile; fileRef = 234FEDBE2987190A00A32466 /* GoogleService-Info.plist */; };
		234FEDC229871A3600A32466 /* FirebaseAuth in Frameworks */ = {isa = PBXBuildFile; productRef = 234FEDC129871A3600A32466 /* FirebaseAuth */; };
		234FEDC429871A3600A32466 /* FirebaseFirestore in Frameworks */ = {isa = PBXBuildFile; productRef = 234FEDC329871A3600A32466 /* FirebaseFirestore */; };
		234FEDC629871A3600A32466 /* FirebaseStorage in Frameworks */ = {isa = PBXBuildFile; productRef = 234FEDC529871A3600A32466 /* FirebaseStorage */; };
		234FEDC82987204300A32466 /* AuthViewModel.swift in Sources */ = {isa = PBXBuildFile; fileRef = 234FEDC72987204300A32466 /* AuthViewModel.swift */; };
		234FEDCA2987264600A32466 /* Home.swift in Sources */ = {isa = PBXBuildFile; fileRef = 234FEDC92987264600A32466 /* Home.swift */; };
		234FEDCC298727EC00A32466 /* BigButton.swift in Sources */ = {isa = PBXBuildFile; fileRef = 234FEDCB298727EC00A32466 /* BigButton.swift */; };
		235A5AB329B0EECD00D25B2A /* TabManager.swift in Sources */ = {isa = PBXBuildFile; fileRef = 235A5AB229B0EECD00D25B2A /* TabManager.swift */; };
		235A5AB529B0EEF300D25B2A /* Tabs.swift in Sources */ = {isa = PBXBuildFile; fileRef = 235A5AB429B0EEF300D25B2A /* Tabs.swift */; };
		235A5AB729B0F0B500D25B2A /* FeedView.swift in Sources */ = {isa = PBXBuildFile; fileRef = 235A5AB629B0F0B500D25B2A /* FeedView.swift */; };
		235A5AB929B0F0BB00D25B2A /* NewPostView.swift in Sources */ = {isa = PBXBuildFile; fileRef = 235A5AB829B0F0BB00D25B2A /* NewPostView.swift */; };
		235A5ABD29B0F0C700D25B2A /* ProfileView.swift in Sources */ = {isa = PBXBuildFile; fileRef = 235A5ABC29B0F0C700D25B2A /* ProfileView.swift */; };
		235A5ABF29B0F0CC00D25B2A /* SettingsView.swift in Sources */ = {isa = PBXBuildFile; fileRef = 235A5ABE29B0F0CC00D25B2A /* SettingsView.swift */; };
		237B4FC129852A1B00BE2D2B /* RealtimeChatAppApp.swift in Sources */ = {isa = PBXBuildFile; fileRef = 237B4FC029852A1B00BE2D2B /* RealtimeChatAppApp.swift */; };
		237B4FC329852A1B00BE2D2B /* ContentView.swift in Sources */ = {isa = PBXBuildFile; fileRef = 237B4FC229852A1B00BE2D2B /* ContentView.swift */; };
		237B4FC529852A1D00BE2D2B /* Assets.xcassets in Resources */ = {isa = PBXBuildFile; fileRef = 237B4FC429852A1D00BE2D2B /* Assets.xcassets */; };
		237B4FC929852A1D00BE2D2B /* Preview Assets.xcassets in Resources */ = {isa = PBXBuildFile; fileRef = 237B4FC829852A1D00BE2D2B /* Preview Assets.xcassets */; };
		237B4FD329852AF700BE2D2B /* Login.swift in Sources */ = {isa = PBXBuildFile; fileRef = 237B4FD229852AF700BE2D2B /* Login.swift */; };
		237B4FD529852B4600BE2D2B /* Registiration.swift in Sources */ = {isa = PBXBuildFile; fileRef = 237B4FD429852B4600BE2D2B /* Registiration.swift */; };
		237B4FD829852B7C00BE2D2B /* CustomTextField.swift in Sources */ = {isa = PBXBuildFile; fileRef = 237B4FD729852B7C00BE2D2B /* CustomTextField.swift */; };
		237B4FDA29852B9300BE2D2B /* CustomInputView.swift in Sources */ = {isa = PBXBuildFile; fileRef = 237B4FD929852B9300BE2D2B /* CustomInputView.swift */; };
		238D2D6C298A8ED300491440 /* OnboardingView.swift in Sources */ = {isa = PBXBuildFile; fileRef = 238D2D6B298A8ED300491440 /* OnboardingView.swift */; };
		238D2D6E298A920A00491440 /* NavigationViewModel.swift in Sources */ = {isa = PBXBuildFile; fileRef = 238D2D6D298A920A00491440 /* NavigationViewModel.swift */; };
/* End PBXBuildFile section */

/* Begin PBXFileReference section */
		234628FE2990229B00FA524F /* MainMessagesView.swift */ = {isa = PBXFileReference; lastKnownFileType = sourcecode.swift; path = MainMessagesView.swift; sourceTree = "<group>"; };
		234FEDBE2987190A00A32466 /* GoogleService-Info.plist */ = {isa = PBXFileReference; fileEncoding = 4; lastKnownFileType = text.plist.xml; path = "GoogleService-Info.plist"; sourceTree = "<group>"; };
		234FEDC72987204300A32466 /* AuthViewModel.swift */ = {isa = PBXFileReference; lastKnownFileType = sourcecode.swift; path = AuthViewModel.swift; sourceTree = "<group>"; };
		234FEDC92987264600A32466 /* Home.swift */ = {isa = PBXFileReference; lastKnownFileType = sourcecode.swift; path = Home.swift; sourceTree = "<group>"; };
		234FEDCB298727EC00A32466 /* BigButton.swift */ = {isa = PBXFileReference; lastKnownFileType = sourcecode.swift; path = BigButton.swift; sourceTree = "<group>"; };
		235A5AB229B0EECD00D25B2A /* TabManager.swift */ = {isa = PBXFileReference; lastKnownFileType = sourcecode.swift; path = TabManager.swift; sourceTree = "<group>"; };
		235A5AB429B0EEF300D25B2A /* Tabs.swift */ = {isa = PBXFileReference; lastKnownFileType = sourcecode.swift; path = Tabs.swift; sourceTree = "<group>"; };
		235A5AB629B0F0B500D25B2A /* FeedView.swift */ = {isa = PBXFileReference; lastKnownFileType = sourcecode.swift; path = FeedView.swift; sourceTree = "<group>"; };
		235A5AB829B0F0BB00D25B2A /* NewPostView.swift */ = {isa = PBXFileReference; lastKnownFileType = sourcecode.swift; path = NewPostView.swift; sourceTree = "<group>"; };
		235A5ABC29B0F0C700D25B2A /* ProfileView.swift */ = {isa = PBXFileReference; lastKnownFileType = sourcecode.swift; path = ProfileView.swift; sourceTree = "<group>"; };
		235A5ABE29B0F0CC00D25B2A /* SettingsView.swift */ = {isa = PBXFileReference; lastKnownFileType = sourcecode.swift; path = SettingsView.swift; sourceTree = "<group>"; };
		237B4FBD29852A1B00BE2D2B /* RealtimeChatApp.app */ = {isa = PBXFileReference; explicitFileType = wrapper.application; includeInIndex = 0; path = RealtimeChatApp.app; sourceTree = BUILT_PRODUCTS_DIR; };
		237B4FC029852A1B00BE2D2B /* RealtimeChatAppApp.swift */ = {isa = PBXFileReference; lastKnownFileType = sourcecode.swift; path = RealtimeChatAppApp.swift; sourceTree = "<group>"; };
		237B4FC229852A1B00BE2D2B /* ContentView.swift */ = {isa = PBXFileReference; lastKnownFileType = sourcecode.swift; path = ContentView.swift; sourceTree = "<group>"; };
		237B4FC429852A1D00BE2D2B /* Assets.xcassets */ = {isa = PBXFileReference; lastKnownFileType = folder.assetcatalog; path = Assets.xcassets; sourceTree = "<group>"; };
		237B4FC629852A1D00BE2D2B /* RealtimeChatApp.entitlements */ = {isa = PBXFileReference; lastKnownFileType = text.plist.entitlements; path = RealtimeChatApp.entitlements; sourceTree = "<group>"; };
		237B4FC829852A1D00BE2D2B /* Preview Assets.xcassets */ = {isa = PBXFileReference; lastKnownFileType = folder.assetcatalog; path = "Preview Assets.xcassets"; sourceTree = "<group>"; };
		237B4FD229852AF700BE2D2B /* Login.swift */ = {isa = PBXFileReference; lastKnownFileType = sourcecode.swift; path = Login.swift; sourceTree = "<group>"; };
		237B4FD429852B4600BE2D2B /* Registiration.swift */ = {isa = PBXFileReference; lastKnownFileType = sourcecode.swift; path = Registiration.swift; sourceTree = "<group>"; };
		237B4FD729852B7C00BE2D2B /* CustomTextField.swift */ = {isa = PBXFileReference; lastKnownFileType = sourcecode.swift; path = CustomTextField.swift; sourceTree = "<group>"; };
		237B4FD929852B9300BE2D2B /* CustomInputView.swift */ = {isa = PBXFileReference; lastKnownFileType = sourcecode.swift; path = CustomInputView.swift; sourceTree = "<group>"; };
		238D2D6B298A8ED300491440 /* OnboardingView.swift */ = {isa = PBXFileReference; lastKnownFileType = sourcecode.swift; path = OnboardingView.swift; sourceTree = "<group>"; };
		238D2D6D298A920A00491440 /* NavigationViewModel.swift */ = {isa = PBXFileReference; lastKnownFileType = sourcecode.swift; path = NavigationViewModel.swift; sourceTree = "<group>"; };
/* End PBXFileReference section */

/* Begin PBXFrameworksBuildPhase section */
		237B4FBA29852A1B00BE2D2B /* Frameworks */ = {
			isa = PBXFrameworksBuildPhase;
			buildActionMask = 2147483647;
			files = (
				2344D2D22989501B000A088A /* Kingfisher in Frameworks */,
				234FEDC229871A3600A32466 /* FirebaseAuth in Frameworks */,
				234FEDC429871A3600A32466 /* FirebaseFirestore in Frameworks */,
				234FEDC629871A3600A32466 /* FirebaseStorage in Frameworks */,
			);
			runOnlyForDeploymentPostprocessing = 0;
		};
/* End PBXFrameworksBuildPhase section */

/* Begin PBXGroup section */
		235A5AB129B0EEC300D25B2A /* Main */ = {
			isa = PBXGroup;
			children = (
				235A5AB229B0EECD00D25B2A /* TabManager.swift */,
				235A5AB629B0F0B500D25B2A /* FeedView.swift */,
				235A5AB829B0F0BB00D25B2A /* NewPostView.swift */,
				235A5ABC29B0F0C700D25B2A /* ProfileView.swift */,
				235A5ABE29B0F0CC00D25B2A /* SettingsView.swift */,
			);
			path = Main;
			sourceTree = "<group>";
		};
		237B4FB429852A1B00BE2D2B = {
			isa = PBXGroup;
			children = (
				237B4FBF29852A1B00BE2D2B /* RealtimeChatApp */,
				237B4FBE29852A1B00BE2D2B /* Products */,
			);
			sourceTree = "<group>";
		};
		237B4FBE29852A1B00BE2D2B /* Products */ = {
			isa = PBXGroup;
			children = (
				237B4FBD29852A1B00BE2D2B /* RealtimeChatApp.app */,
			);
			name = Products;
			sourceTree = "<group>";
		};
		237B4FBF29852A1B00BE2D2B /* RealtimeChatApp */ = {
			isa = PBXGroup;
			children = (
				237B4FD629852B7100BE2D2B /* Utils */,
				237B4FD129852AE700BE2D2B /* Model */,
				237B4FD029852AE500BE2D2B /* ViewModel */,
				237B4FCF29852AE300BE2D2B /* View */,
				237B4FC029852A1B00BE2D2B /* RealtimeChatAppApp.swift */,
				237B4FC229852A1B00BE2D2B /* ContentView.swift */,
				237B4FC429852A1D00BE2D2B /* Assets.xcassets */,
				234FEDBE2987190A00A32466 /* GoogleService-Info.plist */,
				237B4FC629852A1D00BE2D2B /* RealtimeChatApp.entitlements */,
				237B4FC729852A1D00BE2D2B /* Preview Content */,
			);
			path = RealtimeChatApp;
			sourceTree = "<group>";
		};
		237B4FC729852A1D00BE2D2B /* Preview Content */ = {
			isa = PBXGroup;
			children = (
				237B4FC829852A1D00BE2D2B /* Preview Assets.xcassets */,
			);
			path = "Preview Content";
			sourceTree = "<group>";
		};
		237B4FCF29852AE300BE2D2B /* View */ = {
			isa = PBXGroup;
			children = (
				235A5AB129B0EEC300D25B2A /* Main */,
				237B4FD229852AF700BE2D2B /* Login.swift */,
				237B4FD429852B4600BE2D2B /* Registiration.swift */,
				234FEDC92987264600A32466 /* Home.swift */,
				238D2D6B298A8ED300491440 /* OnboardingView.swift */,
				234628FE2990229B00FA524F /* MainMessagesView.swift */,
			);
			path = View;
			sourceTree = "<group>";
		};
		237B4FD029852AE500BE2D2B /* ViewModel */ = {
			isa = PBXGroup;
			children = (
				234FEDC72987204300A32466 /* AuthViewModel.swift */,
				238D2D6D298A920A00491440 /* NavigationViewModel.swift */,
			);
			path = ViewModel;
			sourceTree = "<group>";
		};
		237B4FD129852AE700BE2D2B /* Model */ = {
			isa = PBXGroup;
			children = (
				235A5AB429B0EEF300D25B2A /* Tabs.swift */,
			);
			path = Model;
			sourceTree = "<group>";
		};
		237B4FD629852B7100BE2D2B /* Utils */ = {
			isa = PBXGroup;
			children = (
				237B4FD729852B7C00BE2D2B /* CustomTextField.swift */,
				237B4FD929852B9300BE2D2B /* CustomInputView.swift */,
				234FEDCB298727EC00A32466 /* BigButton.swift */,
			);
			path = Utils;
			sourceTree = "<group>";
		};
/* End PBXGroup section */

/* Begin PBXNativeTarget section */
		237B4FBC29852A1B00BE2D2B /* RealtimeChatApp */ = {
			isa = PBXNativeTarget;
			buildConfigurationList = 237B4FCC29852A1D00BE2D2B /* Build configuration list for PBXNativeTarget "RealtimeChatApp" */;
			buildPhases = (
				237B4FB929852A1B00BE2D2B /* Sources */,
				237B4FBA29852A1B00BE2D2B /* Frameworks */,
				237B4FBB29852A1B00BE2D2B /* Resources */,
			);
			buildRules = (
			);
			dependencies = (
			);
			name = RealtimeChatApp;
			packageProductDependencies = (
				234FEDC129871A3600A32466 /* FirebaseAuth */,
				234FEDC329871A3600A32466 /* FirebaseFirestore */,
				234FEDC529871A3600A32466 /* FirebaseStorage */,
				2344D2D12989501B000A088A /* Kingfisher */,
			);
			productName = RealtimeChatApp;
			productReference = 237B4FBD29852A1B00BE2D2B /* RealtimeChatApp.app */;
			productType = "com.apple.product-type.application";
		};
/* End PBXNativeTarget section */

/* Begin PBXProject section */
		237B4FB529852A1B00BE2D2B /* Project object */ = {
			isa = PBXProject;
			attributes = {
				BuildIndependentTargetsInParallel = 1;
				LastSwiftUpdateCheck = 1410;
				LastUpgradeCheck = 1410;
				TargetAttributes = {
					237B4FBC29852A1B00BE2D2B = {
						CreatedOnToolsVersion = 14.1;
					};
				};
			};
			buildConfigurationList = 237B4FB829852A1B00BE2D2B /* Build configuration list for PBXProject "RealtimeChatApp" */;
			compatibilityVersion = "Xcode 14.0";
			developmentRegion = en;
			hasScannedForEncodings = 0;
			knownRegions = (
				en,
				Base,
			);
			mainGroup = 237B4FB429852A1B00BE2D2B;
			packageReferences = (
				234FEDC029871A3600A32466 /* XCRemoteSwiftPackageReference "firebase-ios-sdk" */,
				2344D2D02989501B000A088A /* XCRemoteSwiftPackageReference "Kingfisher" */,
			);
			productRefGroup = 237B4FBE29852A1B00BE2D2B /* Products */;
			projectDirPath = "";
			projectRoot = "";
			targets = (
				237B4FBC29852A1B00BE2D2B /* RealtimeChatApp */,
			);
		};
/* End PBXProject section */

/* Begin PBXResourcesBuildPhase section */
		237B4FBB29852A1B00BE2D2B /* Resources */ = {
			isa = PBXResourcesBuildPhase;
			buildActionMask = 2147483647;
			files = (
				237B4FC929852A1D00BE2D2B /* Preview Assets.xcassets in Resources */,
				237B4FC529852A1D00BE2D2B /* Assets.xcassets in Resources */,
				234FEDBF2987190A00A32466 /* GoogleService-Info.plist in Resources */,
			);
			runOnlyForDeploymentPostprocessing = 0;
		};
/* End PBXResourcesBuildPhase section */

/* Begin PBXSourcesBuildPhase section */
		237B4FB929852A1B00BE2D2B /* Sources */ = {
			isa = PBXSourcesBuildPhase;
			buildActionMask = 2147483647;
			files = (
				237B4FD329852AF700BE2D2B /* Login.swift in Sources */,
				234628FF2990229B00FA524F /* MainMessagesView.swift in Sources */,
				237B4FC329852A1B00BE2D2B /* ContentView.swift in Sources */,
				235A5ABF29B0F0CC00D25B2A /* SettingsView.swift in Sources */,
				237B4FDA29852B9300BE2D2B /* CustomInputView.swift in Sources */,
				238D2D6E298A920A00491440 /* NavigationViewModel.swift in Sources */,
				238D2D6C298A8ED300491440 /* OnboardingView.swift in Sources */,
				234FEDC82987204300A32466 /* AuthViewModel.swift in Sources */,
				235A5AB929B0F0BB00D25B2A /* NewPostView.swift in Sources */,
				235A5AB529B0EEF300D25B2A /* Tabs.swift in Sources */,
				235A5ABD29B0F0C700D25B2A /* ProfileView.swift in Sources */,
				237B4FD529852B4600BE2D2B /* Registiration.swift in Sources */,
				237B4FC129852A1B00BE2D2B /* RealtimeChatAppApp.swift in Sources */,
				235A5AB729B0F0B500D25B2A /* FeedView.swift in Sources */,
				234FEDCA2987264600A32466 /* Home.swift in Sources */,
				237B4FD829852B7C00BE2D2B /* CustomTextField.swift in Sources */,
				235A5AB329B0EECD00D25B2A /* TabManager.swift in Sources */,
				234FEDCC298727EC00A32466 /* BigButton.swift in Sources */,
			);
			runOnlyForDeploymentPostprocessing = 0;
		};
/* End PBXSourcesBuildPhase section */

/* Begin XCBuildConfiguration section */
		237B4FCA29852A1D00BE2D2B /* Debug */ = {
			isa = XCBuildConfiguration;
			buildSettings = {
				ALWAYS_SEARCH_USER_PATHS = NO;
				CLANG_ANALYZER_NONNULL = YES;
				CLANG_ANALYZER_NUMBER_OBJECT_CONVERSION = YES_AGGRESSIVE;
				CLANG_CXX_LANGUAGE_STANDARD = "gnu++20";
				CLANG_ENABLE_MODULES = YES;
				CLANG_ENABLE_OBJC_ARC = YES;
				CLANG_ENABLE_OBJC_WEAK = YES;
				CLANG_WARN_BLOCK_CAPTURE_AUTORELEASING = YES;
				CLANG_WARN_BOOL_CONVERSION = YES;
				CLANG_WARN_COMMA = YES;
				CLANG_WARN_CONSTANT_CONVERSION = YES;
				CLANG_WARN_DEPRECATED_OBJC_IMPLEMENTATIONS = YES;
				CLANG_WARN_DIRECT_OBJC_ISA_USAGE = YES_ERROR;
				CLANG_WARN_DOCUMENTATION_COMMENTS = YES;
				CLANG_WARN_EMPTY_BODY = YES;
				CLANG_WARN_ENUM_CONVERSION = YES;
				CLANG_WARN_INFINITE_RECURSION = YES;
				CLANG_WARN_INT_CONVERSION = YES;
				CLANG_WARN_NON_LITERAL_NULL_CONVERSION = YES;
				CLANG_WARN_OBJC_IMPLICIT_RETAIN_SELF = YES;
				CLANG_WARN_OBJC_LITERAL_CONVERSION = YES;
				CLANG_WARN_OBJC_ROOT_CLASS = YES_ERROR;
				CLANG_WARN_QUOTED_INCLUDE_IN_FRAMEWORK_HEADER = YES;
				CLANG_WARN_RANGE_LOOP_ANALYSIS = YES;
				CLANG_WARN_STRICT_PROTOTYPES = YES;
				CLANG_WARN_SUSPICIOUS_MOVE = YES;
				CLANG_WARN_UNGUARDED_AVAILABILITY = YES_AGGRESSIVE;
				CLANG_WARN_UNREACHABLE_CODE = YES;
				CLANG_WARN__DUPLICATE_METHOD_MATCH = YES;
				COPY_PHASE_STRIP = NO;
				DEBUG_INFORMATION_FORMAT = dwarf;
				ENABLE_STRICT_OBJC_MSGSEND = YES;
				ENABLE_TESTABILITY = YES;
				GCC_C_LANGUAGE_STANDARD = gnu11;
				GCC_DYNAMIC_NO_PIC = NO;
				GCC_NO_COMMON_BLOCKS = YES;
				GCC_OPTIMIZATION_LEVEL = 0;
				GCC_PREPROCESSOR_DEFINITIONS = (
					"DEBUG=1",
					"$(inherited)",
				);
				GCC_WARN_64_TO_32_BIT_CONVERSION = YES;
				GCC_WARN_ABOUT_RETURN_TYPE = YES_ERROR;
				GCC_WARN_UNDECLARED_SELECTOR = YES;
				GCC_WARN_UNINITIALIZED_AUTOS = YES_AGGRESSIVE;
				GCC_WARN_UNUSED_FUNCTION = YES;
				GCC_WARN_UNUSED_VARIABLE = YES;
				MTL_ENABLE_DEBUG_INFO = INCLUDE_SOURCE;
				MTL_FAST_MATH = YES;
				ONLY_ACTIVE_ARCH = YES;
				SWIFT_ACTIVE_COMPILATION_CONDITIONS = DEBUG;
				SWIFT_OPTIMIZATION_LEVEL = "-Onone";
			};
			name = Debug;
		};
		237B4FCB29852A1D00BE2D2B /* Release */ = {
			isa = XCBuildConfiguration;
			buildSettings = {
				ALWAYS_SEARCH_USER_PATHS = NO;
				CLANG_ANALYZER_NONNULL = YES;
				CLANG_ANALYZER_NUMBER_OBJECT_CONVERSION = YES_AGGRESSIVE;
				CLANG_CXX_LANGUAGE_STANDARD = "gnu++20";
				CLANG_ENABLE_MODULES = YES;
				CLANG_ENABLE_OBJC_ARC = YES;
				CLANG_ENABLE_OBJC_WEAK = YES;
				CLANG_WARN_BLOCK_CAPTURE_AUTORELEASING = YES;
				CLANG_WARN_BOOL_CONVERSION = YES;
				CLANG_WARN_COMMA = YES;
				CLANG_WARN_CONSTANT_CONVERSION = YES;
				CLANG_WARN_DEPRECATED_OBJC_IMPLEMENTATIONS = YES;
				CLANG_WARN_DIRECT_OBJC_ISA_USAGE = YES_ERROR;
				CLANG_WARN_DOCUMENTATION_COMMENTS = YES;
				CLANG_WARN_EMPTY_BODY = YES;
				CLANG_WARN_ENUM_CONVERSION = YES;
				CLANG_WARN_INFINITE_RECURSION = YES;
				CLANG_WARN_INT_CONVERSION = YES;
				CLANG_WARN_NON_LITERAL_NULL_CONVERSION = YES;
				CLANG_WARN_OBJC_IMPLICIT_RETAIN_SELF = YES;
				CLANG_WARN_OBJC_LITERAL_CONVERSION = YES;
				CLANG_WARN_OBJC_ROOT_CLASS = YES_ERROR;
				CLANG_WARN_QUOTED_INCLUDE_IN_FRAMEWORK_HEADER = YES;
				CLANG_WARN_RANGE_LOOP_ANALYSIS = YES;
				CLANG_WARN_STRICT_PROTOTYPES = YES;
				CLANG_WARN_SUSPICIOUS_MOVE = YES;
				CLANG_WARN_UNGUARDED_AVAILABILITY = YES_AGGRESSIVE;
				CLANG_WARN_UNREACHABLE_CODE = YES;
				CLANG_WARN__DUPLICATE_METHOD_MATCH = YES;
				COPY_PHASE_STRIP = NO;
				DEBUG_INFORMATION_FORMAT = "dwarf-with-dsym";
				ENABLE_NS_ASSERTIONS = NO;
				ENABLE_STRICT_OBJC_MSGSEND = YES;
				GCC_C_LANGUAGE_STANDARD = gnu11;
				GCC_NO_COMMON_BLOCKS = YES;
				GCC_WARN_64_TO_32_BIT_CONVERSION = YES;
				GCC_WARN_ABOUT_RETURN_TYPE = YES_ERROR;
				GCC_WARN_UNDECLARED_SELECTOR = YES;
				GCC_WARN_UNINITIALIZED_AUTOS = YES_AGGRESSIVE;
				GCC_WARN_UNUSED_FUNCTION = YES;
				GCC_WARN_UNUSED_VARIABLE = YES;
				MTL_ENABLE_DEBUG_INFO = NO;
				MTL_FAST_MATH = YES;
				SWIFT_COMPILATION_MODE = wholemodule;
				SWIFT_OPTIMIZATION_LEVEL = "-O";
			};
			name = Release;
		};
		237B4FCD29852A1D00BE2D2B /* Debug */ = {
			isa = XCBuildConfiguration;
			buildSettings = {
				ASSETCATALOG_COMPILER_APPICON_NAME = AppIcon;
				ASSETCATALOG_COMPILER_GLOBAL_ACCENT_COLOR_NAME = AccentColor;
				CODE_SIGN_ENTITLEMENTS = RealtimeChatApp/RealtimeChatApp.entitlements;
				CODE_SIGN_STYLE = Automatic;
				CURRENT_PROJECT_VERSION = 1;
				DEVELOPMENT_ASSET_PATHS = "\"RealtimeChatApp/Preview Content\"";
				DEVELOPMENT_TEAM = 62693BZN4B;
				ENABLE_HARDENED_RUNTIME = YES;
				ENABLE_PREVIEWS = YES;
				GENERATE_INFOPLIST_FILE = YES;
				"INFOPLIST_KEY_UIApplicationSceneManifest_Generation[sdk=iphoneos*]" = YES;
				"INFOPLIST_KEY_UIApplicationSceneManifest_Generation[sdk=iphonesimulator*]" = YES;
				"INFOPLIST_KEY_UIApplicationSupportsIndirectInputEvents[sdk=iphoneos*]" = YES;
				"INFOPLIST_KEY_UIApplicationSupportsIndirectInputEvents[sdk=iphonesimulator*]" = YES;
				"INFOPLIST_KEY_UILaunchScreen_Generation[sdk=iphoneos*]" = YES;
				"INFOPLIST_KEY_UILaunchScreen_Generation[sdk=iphonesimulator*]" = YES;
				"INFOPLIST_KEY_UIStatusBarStyle[sdk=iphoneos*]" = UIStatusBarStyleDefault;
				"INFOPLIST_KEY_UIStatusBarStyle[sdk=iphonesimulator*]" = UIStatusBarStyleDefault;
				INFOPLIST_KEY_UISupportedInterfaceOrientations = UIInterfaceOrientationPortrait;
				INFOPLIST_KEY_UISupportedInterfaceOrientations_iPad = "UIInterfaceOrientationLandscapeLeft UIInterfaceOrientationLandscapeRight UIInterfaceOrientationPortrait UIInterfaceOrientationPortraitUpsideDown";
				IPHONEOS_DEPLOYMENT_TARGET = 16.1;
				LD_RUNPATH_SEARCH_PATHS = "@executable_path/Frameworks";
				"LD_RUNPATH_SEARCH_PATHS[sdk=macosx*]" = "@executable_path/../Frameworks";
				MACOSX_DEPLOYMENT_TARGET = 13.0;
				MARKETING_VERSION = 1.0;
				PRODUCT_BUNDLE_IDENTIFIER = berkaydisli.RealtimeChatApp;
				PRODUCT_NAME = "$(TARGET_NAME)";
				SDKROOT = auto;
				SUPPORTED_PLATFORMS = "iphoneos iphonesimulator macosx";
				SWIFT_EMIT_LOC_STRINGS = YES;
				SWIFT_VERSION = 5.0;
				TARGETED_DEVICE_FAMILY = "1,2";
			};
			name = Debug;
		};
		237B4FCE29852A1D00BE2D2B /* Release */ = {
			isa = XCBuildConfiguration;
			buildSettings = {
				ASSETCATALOG_COMPILER_APPICON_NAME = AppIcon;
				ASSETCATALOG_COMPILER_GLOBAL_ACCENT_COLOR_NAME = AccentColor;
				CODE_SIGN_ENTITLEMENTS = RealtimeChatApp/RealtimeChatApp.entitlements;
				CODE_SIGN_STYLE = Automatic;
				CURRENT_PROJECT_VERSION = 1;
				DEVELOPMENT_ASSET_PATHS = "\"RealtimeChatApp/Preview Content\"";
				DEVELOPMENT_TEAM = 62693BZN4B;
				ENABLE_HARDENED_RUNTIME = YES;
				ENABLE_PREVIEWS = YES;
				GENERATE_INFOPLIST_FILE = YES;
				"INFOPLIST_KEY_UIApplicationSceneManifest_Generation[sdk=iphoneos*]" = YES;
				"INFOPLIST_KEY_UIApplicationSceneManifest_Generation[sdk=iphonesimulator*]" = YES;
				"INFOPLIST_KEY_UIApplicationSupportsIndirectInputEvents[sdk=iphoneos*]" = YES;
				"INFOPLIST_KEY_UIApplicationSupportsIndirectInputEvents[sdk=iphonesimulator*]" = YES;
				"INFOPLIST_KEY_UILaunchScreen_Generation[sdk=iphoneos*]" = YES;
				"INFOPLIST_KEY_UILaunchScreen_Generation[sdk=iphonesimulator*]" = YES;
				"INFOPLIST_KEY_UIStatusBarStyle[sdk=iphoneos*]" = UIStatusBarStyleDefault;
				"INFOPLIST_KEY_UIStatusBarStyle[sdk=iphonesimulator*]" = UIStatusBarStyleDefault;
				INFOPLIST_KEY_UISupportedInterfaceOrientations = UIInterfaceOrientationPortrait;
				INFOPLIST_KEY_UISupportedInterfaceOrientations_iPad = "UIInterfaceOrientationLandscapeLeft UIInterfaceOrientationLandscapeRight UIInterfaceOrientationPortrait UIInterfaceOrientationPortraitUpsideDown";
				IPHONEOS_DEPLOYMENT_TARGET = 16.1;
				LD_RUNPATH_SEARCH_PATHS = "@executable_path/Frameworks";
				"LD_RUNPATH_SEARCH_PATHS[sdk=macosx*]" = "@executable_path/../Frameworks";
				MACOSX_DEPLOYMENT_TARGET = 13.0;
				MARKETING_VERSION = 1.0;
				PRODUCT_BUNDLE_IDENTIFIER = berkaydisli.RealtimeChatApp;
				PRODUCT_NAME = "$(TARGET_NAME)";
				SDKROOT = auto;
				SUPPORTED_PLATFORMS = "iphoneos iphonesimulator macosx";
				SWIFT_EMIT_LOC_STRINGS = YES;
				SWIFT_VERSION = 5.0;
				TARGETED_DEVICE_FAMILY = "1,2";
			};
			name = Release;
		};
/* End XCBuildConfiguration section */

/* Begin XCConfigurationList section */
		237B4FB829852A1B00BE2D2B /* Build configuration list for PBXProject "RealtimeChatApp" */ = {
			isa = XCConfigurationList;
			buildConfigurations = (
				237B4FCA29852A1D00BE2D2B /* Debug */,
				237B4FCB29852A1D00BE2D2B /* Release */,
			);
			defaultConfigurationIsVisible = 0;
			defaultConfigurationName = Release;
		};
		237B4FCC29852A1D00BE2D2B /* Build configuration list for PBXNativeTarget "RealtimeChatApp" */ = {
			isa = XCConfigurationList;
			buildConfigurations = (
				237B4FCD29852A1D00BE2D2B /* Debug */,
				237B4FCE29852A1D00BE2D2B /* Release */,
			);
			defaultConfigurationIsVisible = 0;
			defaultConfigurationName = Release;
		};
/* End XCConfigurationList section */

/* Begin XCRemoteSwiftPackageReference section */
		2344D2D02989501B000A088A /* XCRemoteSwiftPackageReference "Kingfisher" */ = {
			isa = XCRemoteSwiftPackageReference;
			repositoryURL = "https://github.com/onevcat/Kingfisher";
			requirement = {
				kind = upToNextMajorVersion;
				minimumVersion = 7.0.0;
			};
		};
		234FEDC029871A3600A32466 /* XCRemoteSwiftPackageReference "firebase-ios-sdk" */ = {
			isa = XCRemoteSwiftPackageReference;
			repositoryURL = "https://github.com/firebase/firebase-ios-sdk";
			requirement = {
				branch = master;
				kind = branch;
			};
		};
/* End XCRemoteSwiftPackageReference section */

/* Begin XCSwiftPackageProductDependency section */
		2344D2D12989501B000A088A /* Kingfisher */ = {
			isa = XCSwiftPackageProductDependency;
			package = 2344D2D02989501B000A088A /* XCRemoteSwiftPackageReference "Kingfisher" */;
			productName = Kingfisher;
		};
		234FEDC129871A3600A32466 /* FirebaseAuth */ = {
			isa = XCSwiftPackageProductDependency;
			package = 234FEDC029871A3600A32466 /* XCRemoteSwiftPackageReference "firebase-ios-sdk" */;
			productName = FirebaseAuth;
		};
		234FEDC329871A3600A32466 /* FirebaseFirestore */ = {
			isa = XCSwiftPackageProductDependency;
			package = 234FEDC029871A3600A32466 /* XCRemoteSwiftPackageReference "firebase-ios-sdk" */;
			productName = FirebaseFirestore;
		};
		234FEDC529871A3600A32466 /* FirebaseStorage */ = {
			isa = XCSwiftPackageProductDependency;
			package = 234FEDC029871A3600A32466 /* XCRemoteSwiftPackageReference "firebase-ios-sdk" */;
			productName = FirebaseStorage;
		};
/* End XCSwiftPackageProductDependency section */
	};
	rootObject = 237B4FB529852A1B00BE2D2B /* Project object */;
}
